
Microsoft Visual Studio Solution File, Format Version 12.00
# Visual Studio Version 16
VisualStudioVersion = 16.0.31424.327
MinimumVisualStudioVersion = 10.0.40219.1
Project("{9A19103F-16F7-4668-BE54-9A1E7A4F7556}") = "CP380-B1-BlockList", "CP380-B1-BlockList\CP380-B1-BlockList.csproj", "{8DD2CF1B-3892-41B2-B1E7-EB5BC51CD5D8}"
EndProject
Project("{9A19103F-16F7-4668-BE54-9A1E7A4F7556}") = "TestBlock", "CP380-B1-TestBlock\TestBlock.csproj", "{8CF0231E-0A5C-4CB4-B531-49400C914B98}"
EndProject
Global
	GlobalSection(SolutionConfigurationPlatforms) = preSolution
		Debug|Any CPU = Debug|Any CPU
		Release|Any CPU = Release|Any CPU
	EndGlobalSection
	GlobalSection(ProjectConfigurationPlatforms) = postSolution
		{8DD2CF1B-3892-41B2-B1E7-EB5BC51CD5D8}.Debug|Any CPU.ActiveCfg = Debug|Any CPU
		{8DD2CF1B-3892-41B2-B1E7-EB5BC51CD5D8}.Debug|Any CPU.Build.0 = Debug|Any CPU
		{8DD2CF1B-3892-41B2-B1E7-EB5BC51CD5D8}.Release|Any CPU.ActiveCfg = Release|Any CPU
		{8DD2CF1B-3892-41B2-B1E7-EB5BC51CD5D8}.Release|Any CPU.Build.0 = Release|Any CPU
		{8CF0231E-0A5C-4CB4-B531-49400C914B98}.Debug|Any CPU.ActiveCfg = Debug|Any CPU
		{8CF0231E-0A5C-4CB4-B531-49400C914B98}.Debug|Any CPU.Build.0 = Debug|Any CPU
		{8CF0231E-0A5C-4CB4-B531-49400C914B98}.Release|Any CPU.ActiveCfg = Release|Any CPU
		{8CF0231E-0A5C-4CB4-B531-49400C914B98}.Release|Any CPU.Build.0 = Release|Any CPU
	EndGlobalSection
	GlobalSection(SolutionProperties) = preSolution
		HideSolutionNode = FALSE
	EndGlobalSection
	GlobalSection(ExtensibilityGlobals) = postSolution
		SolutionGuid = {612E3FDC-4404-4819-89C7-3BFC34D98C1A}
	EndGlobalSection
EndGlobal
